
Microsoft Visual Studio Solution File, Format Version 12.00
# Visual Studio Version 17
VisualStudioVersion = 17.7.34221.43
MinimumVisualStudioVersion = 10.0.40219.1
Project("{9A19103F-16F7-4668-BE54-9A1E7A4F7556}") = "BookingApp.Domain", "BookingApp.Domain\BookingApp.Domain.csproj", "{709FC74B-A382-406B-969D-E40873566677}"
EndProject
Project("{9A19103F-16F7-4668-BE54-9A1E7A4F7556}") = "BookingApp.DAL", "BookingApp.DAL\BookingApp.DAL.csproj", "{A9F10BDC-12B9-454E-8DBD-F39F85E8C3D9}"
EndProject
Project("{9A19103F-16F7-4668-BE54-9A1E7A4F7556}") = "BookingApp.Api", "BookingApp.Api\BookingApp.Api.csproj", "{58152AEB-466C-4624-8CA6-BCDDAC7EB80B}"
EndProject
Global
	GlobalSection(SolutionConfigurationPlatforms) = preSolution
		Debug|Any CPU = Debug|Any CPU
		Release|Any CPU = Release|Any CPU
	EndGlobalSection
	GlobalSection(ProjectConfigurationPlatforms) = postSolution
		{709FC74B-A382-406B-969D-E40873566677}.Debug|Any CPU.ActiveCfg = Debug|Any CPU
		{709FC74B-A382-406B-969D-E40873566677}.Debug|Any CPU.Build.0 = Debug|Any CPU
		{709FC74B-A382-406B-969D-E40873566677}.Release|Any CPU.ActiveCfg = Release|Any CPU
		{709FC74B-A382-406B-969D-E40873566677}.Release|Any CPU.Build.0 = Release|Any CPU
		{A9F10BDC-12B9-454E-8DBD-F39F85E8C3D9}.Debug|Any CPU.ActiveCfg = Debug|Any CPU
		{A9F10BDC-12B9-454E-8DBD-F39F85E8C3D9}.Debug|Any CPU.Build.0 = Debug|Any CPU
		{A9F10BDC-12B9-454E-8DBD-F39F85E8C3D9}.Release|Any CPU.ActiveCfg = Release|Any CPU
		{A9F10BDC-12B9-454E-8DBD-F39F85E8C3D9}.Release|Any CPU.Build.0 = Release|Any CPU
		{58152AEB-466C-4624-8CA6-BCDDAC7EB80B}.Debug|Any CPU.ActiveCfg = Debug|Any CPU
		{58152AEB-466C-4624-8CA6-BCDDAC7EB80B}.Debug|Any CPU.Build.0 = Debug|Any CPU
		{58152AEB-466C-4624-8CA6-BCDDAC7EB80B}.Release|Any CPU.ActiveCfg = Release|Any CPU
		{58152AEB-466C-4624-8CA6-BCDDAC7EB80B}.Release|Any CPU.Build.0 = Release|Any CPU
	EndGlobalSection
	GlobalSection(SolutionProperties) = preSolution
		HideSolutionNode = FALSE
	EndGlobalSection
	GlobalSection(ExtensibilityGlobals) = postSolution
		SolutionGuid = {7C4523A9-B244-46D5-AC92-0599F06E509D}
	EndGlobalSection
EndGlobal
